{
  "lockfileVersion": 1,
  "workspaces": {
    "": {
      "name": "@lachlanjc/supercons-docs",
      "dependencies": {
        "next": "^13.1.1",
        "react": "^18.2.0",
        "react-dom": "^18.2.0",
        "react-hot-toast": "^2.4.0",
        "supercons": "^0.1.0",
        "use-clipboard-copy": "^0.2.0",
      },
    },
  },
  "packages": {
    "@next/env": ["@next/env@13.5.8", "", {}, "sha512-YmiG58BqyZ2FjrF2+5uZExL2BrLr8RTQzLXNDJ8pJr0O+rPlOeDPXp1p1/4OrR3avDidzZo3D8QO2cuDv1KCkw=="],

    "@next/swc-darwin-arm64": ["@next/swc-darwin-arm64@13.5.8", "", { "os": "darwin", "cpu": "arm64" }, "sha512-HkFw3QPeIy9bImWVTbsvzfEWQkuzBEQTK/L7ORMg+9sXNN0vNR5Gz/chD4/VbozTHyA38lWTrMBfLoWVpD+2IA=="],

    "@next/swc-darwin-x64": ["@next/swc-darwin-x64@13.5.8", "", { "os": "darwin", "cpu": "x64" }, "sha512-TpRTH5FyH4qGw0MCq6UE3yQGWtwhdDCwSE0wWcYwDWC5cpx3mGKVmAVKwDNbrpk0U5bl0tEzgxp5X4UPHWA81A=="],

    "@next/swc-linux-arm64-gnu": ["@next/swc-linux-arm64-gnu@13.5.8", "", { "os": "linux", "cpu": "arm64" }, "sha512-KUPKuu4EZCCTU5M61YLpuL2fKMWQRijJLtBk2Hph8FJUx6RsNRDwS0MVlJqAr2IwjJwrNxYm5QAdQ1LuRbrZMw=="],

    "@next/swc-linux-arm64-musl": ["@next/swc-linux-arm64-musl@13.5.8", "", { "os": "linux", "cpu": "arm64" }, "sha512-hLyaBgXynyuVgqLwzcwF6loc0XuEz9zuK8XbzX5uslj3aqiw38l+qL1IJNLzHmkDX0nfVuBfIRV6QPsm0sCXnQ=="],

    "@next/swc-linux-x64-gnu": ["@next/swc-linux-x64-gnu@13.5.8", "", { "os": "linux", "cpu": "x64" }, "sha512-IhxeEpi+U85GU9p6bVSAFMwuCNRdpmHueM8Z9DRft8f70Rvt3Q9tNFJxqLxAbiGoNOR7TuLNjAw2wJucHfMw3g=="],

    "@next/swc-linux-x64-musl": ["@next/swc-linux-x64-musl@13.5.8", "", { "os": "linux", "cpu": "x64" }, "sha512-NQICDU7X/tcAVkTEfvpkq5Z1EViodDj3m18wiyJ5wpzOFf4LH7vFjLBVCWNcf3/sfqv/yfD8jshqrffOPtZitg=="],

    "@next/swc-win32-arm64-msvc": ["@next/swc-win32-arm64-msvc@13.5.8", "", { "os": "win32", "cpu": "arm64" }, "sha512-ndLIuFI/26CrhG+pqGkW+yPV/xuIijgaZbzPhujlDaUGczizzXgnI78iuisdPdGoMHLlQ9pRkFUeMGzENdyEHg=="],

    "@next/swc-win32-ia32-msvc": ["@next/swc-win32-ia32-msvc@13.5.8", "", { "os": "win32", "cpu": "ia32" }, "sha512-9HUxSP76n8VbEtwZVNZDMY32Y4fm53ORaiopQkGQ4q54okYa5T8szhVkLTFKu4gaA/KJcJGvCC5dDIaqfSta1w=="],

    "@next/swc-win32-x64-msvc": ["@next/swc-win32-x64-msvc@13.5.8", "", { "os": "win32", "cpu": "x64" }, "sha512-WFisiehrLrkX/nv6Vg7CUT6tdrhO6Nv0mLh5zuYQ5GLD4OnaOHkBt9iRkOziMy7ny+qF+V7023+loZIV/R9j8A=="],

    "@swc/helpers": ["@swc/helpers@0.5.2", "", { "dependencies": { "tslib": "^2.4.0" } }, "sha512-E4KcWTpoLHqwPHLxidpOqQbcrZVgi0rsmmZXUle1jXmJfuIf/UWpczUJ7MZZ5tlxytgJXyp0w4PGkkeLiuIdZw=="],

    "busboy": ["busboy@1.6.0", "", { "dependencies": { "streamsearch": "^1.1.0" } }, "sha512-8SFQbg/0hQ9xy3UNTB0YEnsNBbWfhf7RtnzpL7TkBiTBRfrQ9Fxcnz7VJsleJpyp6rVLvXiuORqjlHi5q+PYuA=="],

    "caniuse-lite": ["caniuse-lite@1.0.30001699", "", {}, "sha512-b+uH5BakXZ9Do9iK+CkDmctUSEqZl+SP056vc5usa0PL+ev5OHw003rZXcnjNDv3L8P5j6rwT6C0BPKSikW08w=="],

    "client-only": ["client-only@0.0.1", "", {}, "sha512-IV3Ou0jSMzZrd3pZ48nLkT9DA7Ag1pnPzaiQhpW7c3RbcqqzvzzVu+L8gfqMp/8IM2MQtSiqaCxrrcfu8I8rMA=="],

    "clipboard-copy": ["clipboard-copy@3.2.0", "", {}, "sha512-vooFaGFL6ulEP1liiaWFBmmfuPm3cY3y7T9eB83ZTnYc/oFeAKsq3NcDrOkBC8XaauEE8zHQwI7k0+JSYiVQSQ=="],

    "csstype": ["csstype@3.1.3", "", {}, "sha512-M1uQkMl8rQK/szD0LNhtqxIPLpimGm8sOBwU7lLnCpSbTyY3yeU1Vc7l4KT5zT4s/yOxHH5O7tIuuLOCnLADRw=="],

    "glob-to-regexp": ["glob-to-regexp@0.4.1", "", {}, "sha512-lkX1HJXwyMcprw/5YUZc2s7DrpAiHB21/V+E1rHUrVNokkvB6bqMzT0VfV6/86ZNabt1k14YOIaT7nDvOX3Iiw=="],

    "goober": ["goober@2.1.16", "", { "peerDependencies": { "csstype": "^3.0.10" } }, "sha512-erjk19y1U33+XAMe1VTvIONHYoSqE4iS7BYUZfHaqeohLmnC0FdxEh7rQU+6MZ4OajItzjZFSRtVANrQwNq6/g=="],

    "graceful-fs": ["graceful-fs@4.2.11", "", {}, "sha512-RbJ5/jmFcNNCcDV5o9eTnBLJ/HszWV0P73bc+Ff4nS/rJj+YaS6IGyiOL0VoBYX+l1Wrl3k63h/KrH+nhJ0XvQ=="],

    "js-tokens": ["js-tokens@4.0.0", "", {}, "sha512-RdJUflcE3cUzKiMqQgsCu06FPu9UdIJO0beYbPhHN4k6apgJtifcoCtT9bcxOpYBtpD2kCM6Sbzg4CausW/PKQ=="],

    "loose-envify": ["loose-envify@1.4.0", "", { "dependencies": { "js-tokens": "^3.0.0 || ^4.0.0" }, "bin": { "loose-envify": "cli.js" } }, "sha512-lyuxPGr/Wfhrlem2CL/UcnUc1zcqKAImBDzukY7Y5F/yQiNdko6+fRLevlw1HgMySw7f611UIY408EtxRSoK3Q=="],

    "nanoid": ["nanoid@3.3.8", "", { "bin": { "nanoid": "bin/nanoid.cjs" } }, "sha512-WNLf5Sd8oZxOm+TzppcYk8gVOgP+l58xNy58D0nbUnOxOWRWvlcCV4kUF7ltmI6PsrLl/BgKEyS4mqsGChFN0w=="],

    "next": ["next@13.5.8", "", { "dependencies": { "@next/env": "13.5.8", "@swc/helpers": "0.5.2", "busboy": "1.6.0", "caniuse-lite": "^1.0.30001406", "postcss": "8.4.31", "styled-jsx": "5.1.1", "watchpack": "2.4.0" }, "optionalDependencies": { "@next/swc-darwin-arm64": "13.5.8", "@next/swc-darwin-x64": "13.5.8", "@next/swc-linux-arm64-gnu": "13.5.8", "@next/swc-linux-arm64-musl": "13.5.8", "@next/swc-linux-x64-gnu": "13.5.8", "@next/swc-linux-x64-musl": "13.5.8", "@next/swc-win32-arm64-msvc": "13.5.8", "@next/swc-win32-ia32-msvc": "13.5.8", "@next/swc-win32-x64-msvc": "13.5.8" }, "peerDependencies": { "@opentelemetry/api": "^1.1.0", "react": "^18.2.0", "react-dom": "^18.2.0", "sass": "^1.3.0" }, "optionalPeers": ["@opentelemetry/api", "sass"], "bin": { "next": "dist/bin/next" } }, "sha512-VlR7FaXpSibCs7ujOqStaDFTGSdX/NvWgLDcd47oiHUe8i63ZtNkX9intgcYAu/MxpaeEGinHaMB5mwxuzglKw=="],

    "picocolors": ["picocolors@1.1.1", "", {}, "sha512-xceH2snhtb5M9liqDsmEw56le376mTZkEX/jEb/RxNFyegNul7eNslCXP9FDj/Lcu0X8KEyMceP2ntpaHrDEVA=="],

    "postcss": ["postcss@8.4.31", "", { "dependencies": { "nanoid": "^3.3.6", "picocolors": "^1.0.0", "source-map-js": "^1.0.2" } }, "sha512-PS08Iboia9mts/2ygV3eLpY5ghnUcfLV/EXTOW1E2qYxJKGGBUtNjN76FYHnMs36RmARn41bC0AZmn+rR0OVpQ=="],

    "react": ["react@18.3.1", "", { "dependencies": { "loose-envify": "^1.1.0" } }, "sha512-wS+hAgJShR0KhEvPJArfuPVN1+Hz1t0Y6n5jLrGQbkb4urgPE/0Rve+1kMB1v/oWgHgm4WIcV+i7F2pTVj+2iQ=="],

    "react-dom": ["react-dom@18.3.1", "", { "dependencies": { "loose-envify": "^1.1.0", "scheduler": "^0.23.2" }, "peerDependencies": { "react": "^18.3.1" } }, "sha512-5m4nQKp+rZRb09LNH59GM4BxTh9251/ylbKIbpe7TpGxfJ+9kv6BLkLBXIjjspbgbnIBNqlI23tRnTWT0snUIw=="],

    "react-hot-toast": ["react-hot-toast@2.5.1", "", { "dependencies": { "csstype": "^3.1.3", "goober": "^2.1.16" }, "peerDependencies": { "react": ">=16", "react-dom": ">=16" } }, "sha512-54Gq1ZD1JbmAb4psp9bvFHjS7lje+8ubboUmvKZkCsQBLH6AOpZ9JemfRvIdHcfb9AZXRaFLrb3qUobGYDJhFQ=="],

    "scheduler": ["scheduler@0.23.2", "", { "dependencies": { "loose-envify": "^1.1.0" } }, "sha512-UOShsPwz7NrMUqhR6t0hWjFduvOzbtv7toDH1/hIrfRNIDBnnBWd0CwJTGvTpngVlmwGCdP9/Zl/tVrDqcuYzQ=="],

    "source-map-js": ["source-map-js@1.2.1", "", {}, "sha512-UXWMKhLOwVKb728IUtQPXxfYU+usdybtUrK/8uGE8CQMvrhOpwvzDBwj0QhSL7MQc7vIsISBG8VQ8+IDQxpfQA=="],

    "streamsearch": ["streamsearch@1.1.0", "", {}, "sha512-Mcc5wHehp9aXz1ax6bZUyY5afg9u2rv5cqQI3mRrYkGC8rW2hM02jWuwjtL++LS5qinSyhj2QfLyNsuc+VsExg=="],

    "styled-jsx": ["styled-jsx@5.1.1", "", { "dependencies": { "client-only": "0.0.1" }, "peerDependencies": { "react": ">= 16.8.0 || 17.x.x || ^18.0.0-0" } }, "sha512-pW7uC1l4mBZ8ugbiZrcIsiIvVx1UmTfw7UkC3Um2tmfUq9Bhk8IiyEIPl6F8agHgjzku6j0xQEZbfA5uSgSaCw=="],

    "supercons": ["supercons@0.1.0", "", { "peerDependencies": { "react": "^16.12.0 || ^17.0.1 || ^18.2.0 || ^19.0.0" } }, "sha512-2X0lM6E6EZ+igr9hH5W7ku5VGL9ALstSTuHwQnzPSCSf1ifJIAhtH+dbKw8Gr+6kbtX9dU5/L452YbVINiRILA=="],

    "tslib": ["tslib@2.8.1", "", {}, "sha512-oJFu94HQb+KVduSUQL7wnpmqnfmLsOA/nAh6b6EH0wCEoK0/mPeXU6c3wKDV83MkOuHPRHtSXKKU99IBazS/2w=="],

    "use-clipboard-copy": ["use-clipboard-copy@0.2.0", "", { "dependencies": { "clipboard-copy": "^3.0.0" }, "peerDependencies": { "react": ">=16.8.0" } }, "sha512-f0PMMwZ2/Hh9/54L12capx4s6ASdd6edNJxg2OcqWVNM8BPvtOSmNFIN1Dg/q//fPp8MpUZceHfr7cnWOS0RxA=="],

    "watchpack": ["watchpack@2.4.0", "", { "dependencies": { "glob-to-regexp": "^0.4.1", "graceful-fs": "^4.1.2" } }, "sha512-Lcvm7MGST/4fup+ifyKi2hjyIAwcdI4HRgtvTpIUxBRhB+RFtUh8XtDOxUfctVCnhVi+QQj49i91OyvzkJl6cg=="],
  }
}
